
Microsoft Visual Studio Solution File, Format Version 12.00
# Visual Studio 2012
Project("{FAE04EC0-301F-11D3-BF4B-00C04F79EFBC}") = "Tell2Mee.Web", "Tell2Mee\Tell2Mee.Web.csproj", "{D1AA836F-7289-4C1C-9E91-7555C519896C}"
EndProject
Project("{FAE04EC0-301F-11D3-BF4B-00C04F79EFBC}") = "Tell2Mee.Web.Infrastructure", "Tell2Mee.Web.Infrastructure\Tell2Mee.Web.Infrastructure.csproj", "{AF8963FC-3800-4B4C-BBE1-A5CB70226D89}"
EndProject
Project("{2150E333-8FDC-42A3-9474-1A3956D46DE8}") = ".nuget", ".nuget", "{57E5EEA9-C4D9-401E-A106-54D0715CB1DF}"
	ProjectSection(SolutionItems) = preProject
		.nuget\NuGet.Config = .nuget\NuGet.Config
		.nuget\NuGet.exe = .nuget\NuGet.exe
		.nuget\NuGet.targets = .nuget\NuGet.targets
	EndProjectSection
EndProject
Global
	GlobalSection(SolutionConfigurationPlatforms) = preSolution
		Debug|Any CPU = Debug|Any CPU
		Release|Any CPU = Release|Any CPU
	EndGlobalSection
	GlobalSection(ProjectConfigurationPlatforms) = postSolution
		{D1AA836F-7289-4C1C-9E91-7555C519896C}.Debug|Any CPU.ActiveCfg = Debug|Any CPU
		{D1AA836F-7289-4C1C-9E91-7555C519896C}.Debug|Any CPU.Build.0 = Debug|Any CPU
		{D1AA836F-7289-4C1C-9E91-7555C519896C}.Release|Any CPU.ActiveCfg = Release|Any CPU
		{D1AA836F-7289-4C1C-9E91-7555C519896C}.Release|Any CPU.Build.0 = Release|Any CPU
		{AF8963FC-3800-4B4C-BBE1-A5CB70226D89}.Debug|Any CPU.ActiveCfg = Debug|Any CPU
		{AF8963FC-3800-4B4C-BBE1-A5CB70226D89}.Debug|Any CPU.Build.0 = Debug|Any CPU
		{AF8963FC-3800-4B4C-BBE1-A5CB70226D89}.Release|Any CPU.ActiveCfg = Release|Any CPU
		{AF8963FC-3800-4B4C-BBE1-A5CB70226D89}.Release|Any CPU.Build.0 = Release|Any CPU
	EndGlobalSection
	GlobalSection(SolutionProperties) = preSolution
		HideSolutionNode = FALSE
	EndGlobalSection
EndGlobal
