
Microsoft Visual Studio Solution File, Format Version 12.00
# Visual Studio 2012
Project("{FAE04EC0-301F-11D3-BF4B-00C04F79EFBC}") = "Tell2Mee.Web", "Tell2Mee\Tell2Mee.Web.csproj", "{D1AA836F-7289-4C1C-9E91-7555C519896C}"
EndProject
Project("{FAE04EC0-301F-11D3-BF4B-00C04F79EFBC}") = "TellMee.Web.Infrastructure", "..\TellMee.Web.Infrastructure\TellMee.Web.Infrastructure.csproj", "{9E994B44-6E26-4853-82F1-6D796C5ED612}"
EndProject
Global
	GlobalSection(SolutionConfigurationPlatforms) = preSolution
		Debug|Any CPU = Debug|Any CPU
		Release|Any CPU = Release|Any CPU
	EndGlobalSection
	GlobalSection(ProjectConfigurationPlatforms) = postSolution
		{D1AA836F-7289-4C1C-9E91-7555C519896C}.Debug|Any CPU.ActiveCfg = Debug|Any CPU
		{D1AA836F-7289-4C1C-9E91-7555C519896C}.Debug|Any CPU.Build.0 = Debug|Any CPU
		{D1AA836F-7289-4C1C-9E91-7555C519896C}.Release|Any CPU.ActiveCfg = Release|Any CPU
		{D1AA836F-7289-4C1C-9E91-7555C519896C}.Release|Any CPU.Build.0 = Release|Any CPU
		{9E994B44-6E26-4853-82F1-6D796C5ED612}.Debug|Any CPU.ActiveCfg = Debug|Any CPU
		{9E994B44-6E26-4853-82F1-6D796C5ED612}.Debug|Any CPU.Build.0 = Debug|Any CPU
		{9E994B44-6E26-4853-82F1-6D796C5ED612}.Release|Any CPU.ActiveCfg = Release|Any CPU
		{9E994B44-6E26-4853-82F1-6D796C5ED612}.Release|Any CPU.Build.0 = Release|Any CPU
	EndGlobalSection
	GlobalSection(SolutionProperties) = preSolution
		HideSolutionNode = FALSE
	EndGlobalSection
EndGlobal
